{
  "name": "aws-console-fixes",
  "version": "2.1.0",
  "lockfileVersion": 3,
  "requires": true,
  "packages": {
    "": {
      "name": "aws-console-fixes",
      "version": "2.1.0",
      "license": "GPL-3.0-or-later",
      "devDependencies": {
        "@types/bootstrap": "^5.2.10",
        "@types/chrome": "^0.0.267",
        "type-fest": "^4.18.1",
        "typescript": "^5.5.0-beta",
        "zx": "^8.0.2"
      }
    },
    "node_modules/@popperjs/core": {
      "version": "2.11.8",
      "resolved": "https://registry.npmjs.org/@popperjs/core/-/core-2.11.8.tgz",
      "integrity": "sha512-P1st0aksCrn9sGZhp8GMYwBnQsbvAWsZAX44oXNNvLHGqAOcoVxmjZiohstwQ7SqKnbR47akdNi+uleWD8+g6A==",
      "dev": true,
      "funding": {
        "type": "opencollective",
        "url": "https://opencollective.com/popperjs"
      }
    },
    "node_modules/@types/bootstrap": {
      "version": "5.2.10",
      "resolved": "https://registry.npmjs.org/@types/bootstrap/-/bootstrap-5.2.10.tgz",
      "integrity": "sha512-F2X+cd6551tep0MvVZ6nM8v7XgGN/twpdNDjqS1TUM7YFNEtQYWk+dKAnH+T1gr6QgCoGMPl487xw/9hXooa2g==",
      "dev": true,
      "dependencies": {
        "@popperjs/core": "^2.9.2"
      }
    },
    "node_modules/@types/chrome": {
      "version": "0.0.267",
      "resolved": "https://registry.npmjs.org/@types/chrome/-/chrome-0.0.267.tgz",
      "integrity": "sha512-vnCWPpYjazSPRMNmybRH+0q4f738F+Pbbls4ZPFsPr9/4TTNJyK1OLZDpSnghnEWb4stfmIUtq/GegnlfD4sPA==",
      "dev": true,
      "dependencies": {
        "@types/filesystem": "*",
        "@types/har-format": "*"
      }
    },
    "node_modules/@types/filesystem": {
      "version": "0.0.35",
      "resolved": "https://registry.npmjs.org/@types/filesystem/-/filesystem-0.0.35.tgz",
      "integrity": "sha512-1eKvCaIBdrD2mmMgy5dwh564rVvfEhZTWVQQGRNn0Nt4ZEnJ0C8oSUCzvMKRA4lGde5oEVo+q2MrTTbV/GHDCQ==",
      "dev": true,
      "dependencies": {
        "@types/filewriter": "*"
      }
    },
    "node_modules/@types/filewriter": {
      "version": "0.0.33",
      "resolved": "https://registry.npmjs.org/@types/filewriter/-/filewriter-0.0.33.tgz",
      "integrity": "sha512-xFU8ZXTw4gd358lb2jw25nxY9QAgqn2+bKKjKOYfNCzN4DKCFetK7sPtrlpg66Ywe3vWY9FNxprZawAh9wfJ3g==",
      "dev": true
    },
    "node_modules/@types/fs-extra": {
      "version": "11.0.4",
      "resolved": "https://registry.npmjs.org/@types/fs-extra/-/fs-extra-11.0.4.tgz",
      "integrity": "sha512-yTbItCNreRooED33qjunPthRcSjERP1r4MqCZc7wv0u2sUkzTFp45tgUfS5+r7FrZPdmCCNflLhVSP/o+SemsQ==",
      "dev": true,
      "optional": true,
      "dependencies": {
        "@types/jsonfile": "*",
        "@types/node": "*"
      }
    },
    "node_modules/@types/har-format": {
      "version": "1.2.15",
      "resolved": "https://registry.npmjs.org/@types/har-format/-/har-format-1.2.15.tgz",
      "integrity": "sha512-RpQH4rXLuvTXKR0zqHq3go0RVXYv/YVqv4TnPH95VbwUxZdQlK1EtcMvQvMpDngHbt13Csh9Z4qT9AbkiQH5BA==",
      "dev": true
    },
    "node_modules/@types/jsonfile": {
      "version": "6.1.4",
      "resolved": "https://registry.npmjs.org/@types/jsonfile/-/jsonfile-6.1.4.tgz",
      "integrity": "sha512-D5qGUYwjvnNNextdU59/+fI+spnwtTFmyQP0h+PfIOSkNfpU6AOICUOkm4i0OnSk+NyjdPJrxCDro0sJsWlRpQ==",
      "dev": true,
      "optional": true,
      "dependencies": {
        "@types/node": "*"
      }
    },
    "node_modules/@types/node": {
      "version": "20.12.7",
      "resolved": "https://registry.npmjs.org/@types/node/-/node-20.12.7.tgz",
      "integrity": "sha512-wq0cICSkRLVaf3UGLMGItu/PtdY7oaXaI/RVU+xliKVOtRna3PRY57ZDfztpDL0n11vfymMUnXv8QwYCO7L1wg==",
      "dev": true,
      "optional": true,
      "dependencies": {
        "undici-types": "~5.26.4"
      }
    },
    "node_modules/type-fest": {
      "version": "4.18.1",
      "resolved": "https://registry.npmjs.org/type-fest/-/type-fest-4.18.1.tgz",
      "integrity": "sha512-qXhgeNsX15bM63h5aapNFcQid9jRF/l3ojDoDFmekDQEUufZ9U4ErVt6SjDxnHp48Ltrw616R8yNc3giJ3KvVQ==",
      "dev": true,
      "engines": {
        "node": ">=16"
      },
      "funding": {
        "url": "https://github.com/sponsors/sindresorhus"
      }
    },
    "node_modules/typescript": {
      "version": "5.5.0-dev.20240429",
      "resolved": "https://registry.npmjs.org/typescript/-/typescript-5.5.0-dev.20240429.tgz",
      "integrity": "sha512-oaeASmILG5rODErsKfCtOv1mDllgxW7wilw05mHMgm1pzye6YKMsvd0nEHuVdzwql06viXRA3vumjLvtXERngQ==",
      "dev": true,
      "bin": {
        "tsc": "bin/tsc",
        "tsserver": "bin/tsserver"
      },
      "engines": {
        "node": ">=14.17"
      }
    },
    "node_modules/undici-types": {
      "version": "5.26.5",
      "resolved": "https://registry.npmjs.org/undici-types/-/undici-types-5.26.5.tgz",
      "integrity": "sha512-JlCMO+ehdEIKqlFxk6IfVoAUVmgz7cU7zD/h9XZ0qzeosSHmUJVOzSQvvYSYWXkFXC+IfLKSIffhv0sVZup6pA==",
      "dev": true,
      "optional": true
    },
    "node_modules/zx": {
      "version": "8.0.2",
      "resolved": "https://registry.npmjs.org/zx/-/zx-8.0.2.tgz",
      "integrity": "sha512-3g+ePtPYmyrjRuASlJiUhkje1je4a47woML/fzTKBb9PA5BzRQbSswwyJ8nlFWJjA1ORRi6TMyAdhuz/jK+Gaw==",
      "dev": true,
      "bin": {
        "zx": "build/cli.js"
      },
      "engines": {
        "node": ">= 16.0.0"
      },
      "optionalDependencies": {
        "@types/fs-extra": "^11.0.4",
        "@types/node": ">=20.12.5"
      }
    }
  }
}
